
Microsoft Visual Studio Solution File, Format Version 12.00
# Visual Studio 14
VisualStudioVersion = 14.0.25420.1
MinimumVisualStudioVersion = 10.0.40219.1
Project("{FAE04EC0-301F-11D3-BF4B-00C04F79EFBC}") = "PlatinumRift2", "PlatinumRift2\PlatinumRift2.csproj", "{DE50A049-02B3-44CF-9824-8EAC19AB6FDF}"
EndProject
Project("{FAE04EC0-301F-11D3-BF4B-00C04F79EFBC}") = "CodingGamePuzzles", "Test\CodingGamePuzzles.csproj", "{6DDB028A-2A1D-4CFC-A2D2-E874410B6BF5}"
EndProject
Project("{FAE04EC0-301F-11D3-BF4B-00C04F79EFBC}") = "CodeChefSept18", "CodeChefSept18\CodeChefSept18.csproj", "{B3D56345-2A85-4C23-ADEF-6F5420F8BC99}"
EndProject
Project("{FAE04EC0-301F-11D3-BF4B-00C04F79EFBC}") = "CodeChefOct18", "CodeChefOct18\CodeChefOct18.csproj", "{CDEAF9BB-05D9-40A9-A6CD-C3DB9A1D83A2}"
EndProject
Project("{FAE04EC0-301F-11D3-BF4B-00C04F79EFBC}") = "CodeChefDec18", "CodeChefDec18\CodeChefDec18.csproj", "{0CA197AE-0403-42A0-9E13-87397771CF63}"
EndProject
Project("{2150E333-8FDC-42A3-9474-1A3956D46DE8}") = "Advent Calendar", "Advent Calendar", "{E012DB0C-4CD1-48FC-AEE0-0668A95B610C}"
EndProject
Project("{FAE04EC0-301F-11D3-BF4B-00C04F79EFBC}") = "AdventCalendar2018", "AdventCalendar2018\AdventCalendar2018.csproj", "{9B317E8E-9768-44E4-A80C-602B363413B1}"
EndProject
Project("{FAE04EC0-301F-11D3-BF4B-00C04F79EFBC}") = "AdventCalendar2019", "AdventCalendar2019\AdventCalendar2019.csproj", "{1A9DA2A8-6181-4C6F-ACAA-1C77C8EEA10E}"
EndProject
Project("{FAE04EC0-301F-11D3-BF4B-00C04F79EFBC}") = "AdventCalendar2015", "AdventCalendar2015\AdventCalendar2015.csproj", "{12A3B830-5721-4133-8877-5D84B00A81BF}"
EndProject
Global
	GlobalSection(SolutionConfigurationPlatforms) = preSolution
		Debug|x86 = Debug|x86
		Release|x86 = Release|x86
		Test|x86 = Test|x86
	EndGlobalSection
	GlobalSection(ProjectConfigurationPlatforms) = postSolution
		{DE50A049-02B3-44CF-9824-8EAC19AB6FDF}.Debug|x86.ActiveCfg = Debug|x86
		{DE50A049-02B3-44CF-9824-8EAC19AB6FDF}.Release|x86.ActiveCfg = Release|x86
		{DE50A049-02B3-44CF-9824-8EAC19AB6FDF}.Release|x86.Build.0 = Release|x86
		{DE50A049-02B3-44CF-9824-8EAC19AB6FDF}.Test|x86.ActiveCfg = Test|x86
		{6DDB028A-2A1D-4CFC-A2D2-E874410B6BF5}.Debug|x86.ActiveCfg = Debug|x86
		{6DDB028A-2A1D-4CFC-A2D2-E874410B6BF5}.Release|x86.ActiveCfg = Release|x86
		{6DDB028A-2A1D-4CFC-A2D2-E874410B6BF5}.Release|x86.Build.0 = Release|x86
		{6DDB028A-2A1D-4CFC-A2D2-E874410B6BF5}.Test|x86.ActiveCfg = Test|x86
		{B3D56345-2A85-4C23-ADEF-6F5420F8BC99}.Debug|x86.ActiveCfg = Debug|Any CPU
		{B3D56345-2A85-4C23-ADEF-6F5420F8BC99}.Release|x86.ActiveCfg = Release|Any CPU
		{B3D56345-2A85-4C23-ADEF-6F5420F8BC99}.Release|x86.Build.0 = Release|Any CPU
		{B3D56345-2A85-4C23-ADEF-6F5420F8BC99}.Test|x86.ActiveCfg = Test|x86
		{CDEAF9BB-05D9-40A9-A6CD-C3DB9A1D83A2}.Debug|x86.ActiveCfg = Debug|Any CPU
		{CDEAF9BB-05D9-40A9-A6CD-C3DB9A1D83A2}.Debug|x86.Build.0 = Debug|Any CPU
		{CDEAF9BB-05D9-40A9-A6CD-C3DB9A1D83A2}.Release|x86.ActiveCfg = Release|Any CPU
		{CDEAF9BB-05D9-40A9-A6CD-C3DB9A1D83A2}.Release|x86.Build.0 = Release|Any CPU
		{CDEAF9BB-05D9-40A9-A6CD-C3DB9A1D83A2}.Test|x86.ActiveCfg = Test|x86
		{CDEAF9BB-05D9-40A9-A6CD-C3DB9A1D83A2}.Test|x86.Build.0 = Test|x86
		{0CA197AE-0403-42A0-9E13-87397771CF63}.Debug|x86.ActiveCfg = Debug|Any CPU
		{0CA197AE-0403-42A0-9E13-87397771CF63}.Debug|x86.Build.0 = Debug|Any CPU
		{0CA197AE-0403-42A0-9E13-87397771CF63}.Release|x86.ActiveCfg = Release|Any CPU
		{0CA197AE-0403-42A0-9E13-87397771CF63}.Release|x86.Build.0 = Release|Any CPU
		{0CA197AE-0403-42A0-9E13-87397771CF63}.Test|x86.ActiveCfg = Debug|Any CPU
		{0CA197AE-0403-42A0-9E13-87397771CF63}.Test|x86.Build.0 = Debug|Any CPU
		{9B317E8E-9768-44E4-A80C-602B363413B1}.Debug|x86.ActiveCfg = Debug|Any CPU
		{9B317E8E-9768-44E4-A80C-602B363413B1}.Debug|x86.Build.0 = Debug|Any CPU
		{9B317E8E-9768-44E4-A80C-602B363413B1}.Release|x86.ActiveCfg = Release|Any CPU
		{9B317E8E-9768-44E4-A80C-602B363413B1}.Release|x86.Build.0 = Release|Any CPU
		{9B317E8E-9768-44E4-A80C-602B363413B1}.Test|x86.ActiveCfg = Debug|Any CPU
		{9B317E8E-9768-44E4-A80C-602B363413B1}.Test|x86.Build.0 = Debug|Any CPU
		{1A9DA2A8-6181-4C6F-ACAA-1C77C8EEA10E}.Debug|x86.ActiveCfg = Debug|Any CPU
		{1A9DA2A8-6181-4C6F-ACAA-1C77C8EEA10E}.Debug|x86.Build.0 = Debug|Any CPU
		{1A9DA2A8-6181-4C6F-ACAA-1C77C8EEA10E}.Release|x86.ActiveCfg = Release|Any CPU
		{1A9DA2A8-6181-4C6F-ACAA-1C77C8EEA10E}.Release|x86.Build.0 = Release|Any CPU
		{1A9DA2A8-6181-4C6F-ACAA-1C77C8EEA10E}.Test|x86.ActiveCfg = Debug|Any CPU
		{1A9DA2A8-6181-4C6F-ACAA-1C77C8EEA10E}.Test|x86.Build.0 = Debug|Any CPU
		{12A3B830-5721-4133-8877-5D84B00A81BF}.Debug|x86.ActiveCfg = Debug|Any CPU
		{12A3B830-5721-4133-8877-5D84B00A81BF}.Debug|x86.Build.0 = Debug|Any CPU
		{12A3B830-5721-4133-8877-5D84B00A81BF}.Release|x86.ActiveCfg = Release|Any CPU
		{12A3B830-5721-4133-8877-5D84B00A81BF}.Release|x86.Build.0 = Release|Any CPU
		{12A3B830-5721-4133-8877-5D84B00A81BF}.Test|x86.ActiveCfg = Debug|Any CPU
		{12A3B830-5721-4133-8877-5D84B00A81BF}.Test|x86.Build.0 = Debug|Any CPU
	EndGlobalSection
	GlobalSection(SolutionProperties) = preSolution
		HideSolutionNode = FALSE
	EndGlobalSection
	GlobalSection(NestedProjects) = preSolution
		{9B317E8E-9768-44E4-A80C-602B363413B1} = {E012DB0C-4CD1-48FC-AEE0-0668A95B610C}
		{1A9DA2A8-6181-4C6F-ACAA-1C77C8EEA10E} = {E012DB0C-4CD1-48FC-AEE0-0668A95B610C}
		{12A3B830-5721-4133-8877-5D84B00A81BF} = {E012DB0C-4CD1-48FC-AEE0-0668A95B610C}
	EndGlobalSection
EndGlobal
